
Microsoft Visual Studio Solution File, Format Version 12.00
# Visual Studio Version 17
VisualStudioVersion = 17.3.32811.315
MinimumVisualStudioVersion = 10.0.40219.1
Project("{FAE04EC0-301F-11D3-BF4B-00C04F79EFBC}") = "blackjack", "blackjack\blackjack.csproj", "{C9DDA6FE-B9B7-4BBB-9F03-F1521210A22B}"
EndProject
Global
	GlobalSection(SolutionConfigurationPlatforms) = preSolution
		Debug|Any CPU = Debug|Any CPU
		Release|Any CPU = Release|Any CPU
	EndGlobalSection
	GlobalSection(ProjectConfigurationPlatforms) = postSolution
		{C9DDA6FE-B9B7-4BBB-9F03-F1521210A22B}.Debug|Any CPU.ActiveCfg = Debug|Any CPU
		{C9DDA6FE-B9B7-4BBB-9F03-F1521210A22B}.Debug|Any CPU.Build.0 = Debug|Any CPU
		{C9DDA6FE-B9B7-4BBB-9F03-F1521210A22B}.Release|Any CPU.ActiveCfg = Release|Any CPU
		{C9DDA6FE-B9B7-4BBB-9F03-F1521210A22B}.Release|Any CPU.Build.0 = Release|Any CPU
	EndGlobalSection
	GlobalSection(SolutionProperties) = preSolution
		HideSolutionNode = FALSE
	EndGlobalSection
	GlobalSection(ExtensibilityGlobals) = postSolution
		SolutionGuid = {630E5D0C-CEA9-4FC2-BBD9-A724F339317A}
	EndGlobalSection
EndGlobal
